
Microsoft Visual Studio Solution File, Format Version 12.00
# Visual Studio Version 17
VisualStudioVersion = 17.2.32505.173
MinimumVisualStudioVersion = 10.0.40219.1
Project("{FAE04EC0-301F-11D3-BF4B-00C04F79EFBC}") = "Hotel.API", "Hotel.API\Hotel.API.csproj", "{6CB1C095-2590-4E86-9D70-EAF26D843444}"
EndProject
Project("{FAE04EC0-301F-11D3-BF4B-00C04F79EFBC}") = "Hotel.Domain", "Hotel.Domain\Hotel.Domain.csproj", "{1583D7D1-95C7-412D-A44D-0E5B6E22AF92}"
EndProject
Project("{FAE04EC0-301F-11D3-BF4B-00C04F79EFBC}") = "Hotel.Infrastructure", "Hotel.Infrastructure\Hotel.Infrastructure.csproj", "{07C14A73-41A7-474D-8CE0-4BCA90E00674}"
EndProject
Project("{FAE04EC0-301F-11D3-BF4B-00C04F79EFBC}") = "Hotel.SharedKernel", "Hotel.SharedKernel\Hotel.SharedKernel.csproj", "{5F7D5E97-4328-463B-B81C-9B4AC16E5D70}"
EndProject
Global
	GlobalSection(SolutionConfigurationPlatforms) = preSolution
		Debug|Any CPU = Debug|Any CPU
		Release|Any CPU = Release|Any CPU
	EndGlobalSection
	GlobalSection(ProjectConfigurationPlatforms) = postSolution
		{6CB1C095-2590-4E86-9D70-EAF26D843444}.Debug|Any CPU.ActiveCfg = Debug|Any CPU
		{6CB1C095-2590-4E86-9D70-EAF26D843444}.Debug|Any CPU.Build.0 = Debug|Any CPU
		{6CB1C095-2590-4E86-9D70-EAF26D843444}.Release|Any CPU.ActiveCfg = Release|Any CPU
		{6CB1C095-2590-4E86-9D70-EAF26D843444}.Release|Any CPU.Build.0 = Release|Any CPU
		{1583D7D1-95C7-412D-A44D-0E5B6E22AF92}.Debug|Any CPU.ActiveCfg = Debug|Any CPU
		{1583D7D1-95C7-412D-A44D-0E5B6E22AF92}.Debug|Any CPU.Build.0 = Debug|Any CPU
		{1583D7D1-95C7-412D-A44D-0E5B6E22AF92}.Release|Any CPU.ActiveCfg = Release|Any CPU
		{1583D7D1-95C7-412D-A44D-0E5B6E22AF92}.Release|Any CPU.Build.0 = Release|Any CPU
		{07C14A73-41A7-474D-8CE0-4BCA90E00674}.Debug|Any CPU.ActiveCfg = Debug|Any CPU
		{07C14A73-41A7-474D-8CE0-4BCA90E00674}.Debug|Any CPU.Build.0 = Debug|Any CPU
		{07C14A73-41A7-474D-8CE0-4BCA90E00674}.Release|Any CPU.ActiveCfg = Release|Any CPU
		{07C14A73-41A7-474D-8CE0-4BCA90E00674}.Release|Any CPU.Build.0 = Release|Any CPU
		{5F7D5E97-4328-463B-B81C-9B4AC16E5D70}.Debug|Any CPU.ActiveCfg = Debug|Any CPU
		{5F7D5E97-4328-463B-B81C-9B4AC16E5D70}.Debug|Any CPU.Build.0 = Debug|Any CPU
		{5F7D5E97-4328-463B-B81C-9B4AC16E5D70}.Release|Any CPU.ActiveCfg = Release|Any CPU
		{5F7D5E97-4328-463B-B81C-9B4AC16E5D70}.Release|Any CPU.Build.0 = Release|Any CPU
	EndGlobalSection
	GlobalSection(SolutionProperties) = preSolution
		HideSolutionNode = FALSE
	EndGlobalSection
	GlobalSection(ExtensibilityGlobals) = postSolution
		SolutionGuid = {56746D13-42E8-4C18-AF5C-E3D3F0FC1FB1}
	EndGlobalSection
EndGlobal
